
Microsoft Visual Studio Solution File, Format Version 12.00
# Visual Studio Version 17
VisualStudioVersion = 17.0.31903.59
MinimumVisualStudioVersion = 10.0.40219.1
Project("{FAE04EC0-301F-11D3-BF4B-00C04F79EFBC}") = "HansdeepKhataLedger.Domain", "HansdeepKhataLedger.Domain\HansdeepKhataLedger.Domain.csproj", "{8537451C-B5EA-42EB-BBF2-9E9EB7B6743B}"
EndProject
Project("{FAE04EC0-301F-11D3-BF4B-00C04F79EFBC}") = "HansdeepKhataLedger.Application", "HansdeepKhataLedger.Application\HansdeepKhataLedger.Application.csproj", "{02C3DC55-8834-44AC-9518-8ABCF2A8CC74}"
EndProject
Project("{FAE04EC0-301F-11D3-BF4B-00C04F79EFBC}") = "HansdeepKhataLedger.Infrastructure", "HansdeepKhataLedger.Infrastructure\HansdeepKhataLedger.Infrastructure.csproj", "{A17B0A94-39EE-4FB7-AB14-2FE7516F6865}"
EndProject
Project("{FAE04EC0-301F-11D3-BF4B-00C04F79EFBC}") = "HansdeepKhataLedger.Web", "HansdeepKhataLedger.Web\HansdeepKhataLedger.Web.csproj", "{CDDC795A-363C-4FA8-AE9C-F7291068B075}"
EndProject
Global
	GlobalSection(SolutionConfigurationPlatforms) = preSolution
		Debug|Any CPU = Debug|Any CPU
		Release|Any CPU = Release|Any CPU
	EndGlobalSection
	GlobalSection(ProjectConfigurationPlatforms) = postSolution
		{8537451C-B5EA-42EB-BBF2-9E9EB7B6743B}.Debug|Any CPU.ActiveCfg = Debug|Any CPU
		{8537451C-B5EA-42EB-BBF2-9E9EB7B6743B}.Debug|Any CPU.Build.0 = Debug|Any CPU
		{8537451C-B5EA-42EB-BBF2-9E9EB7B6743B}.Release|Any CPU.ActiveCfg = Release|Any CPU
		{8537451C-B5EA-42EB-BBF2-9E9EB7B6743B}.Release|Any CPU.Build.0 = Release|Any CPU
		{02C3DC55-8834-44AC-9518-8ABCF2A8CC74}.Debug|Any CPU.ActiveCfg = Debug|Any CPU
		{02C3DC55-8834-44AC-9518-8ABCF2A8CC74}.Debug|Any CPU.Build.0 = Debug|Any CPU
		{02C3DC55-8834-44AC-9518-8ABCF2A8CC74}.Release|Any CPU.ActiveCfg = Release|Any CPU
		{02C3DC55-8834-44AC-9518-8ABCF2A8CC74}.Release|Any CPU.Build.0 = Release|Any CPU
		{A17B0A94-39EE-4FB7-AB14-2FE7516F6865}.Debug|Any CPU.ActiveCfg = Debug|Any CPU
		{A17B0A94-39EE-4FB7-AB14-2FE7516F6865}.Debug|Any CPU.Build.0 = Debug|Any CPU
		{A17B0A94-39EE-4FB7-AB14-2FE7516F6865}.Release|Any CPU.ActiveCfg = Release|Any CPU
		{A17B0A94-39EE-4FB7-AB14-2FE7516F6865}.Release|Any CPU.Build.0 = Release|Any CPU
		{CDDC795A-363C-4FA8-AE9C-F7291068B075}.Debug|Any CPU.ActiveCfg = Debug|Any CPU
		{CDDC795A-363C-4FA8-AE9C-F7291068B075}.Debug|Any CPU.Build.0 = Debug|Any CPU
		{CDDC795A-363C-4FA8-AE9C-F7291068B075}.Release|Any CPU.ActiveCfg = Release|Any CPU
		{CDDC795A-363C-4FA8-AE9C-F7291068B075}.Release|Any CPU.Build.0 = Release|Any CPU
	EndGlobalSection
	GlobalSection(SolutionProperties) = preSolution
		HideSolutionNode = FALSE
	EndGlobalSection
	GlobalSection(ExtensibilityGlobals) = postSolution
		SolutionGuid = {F62247C1-DDE8-470E-BFAE-D54D6E34D3C3}
	EndGlobalSection
EndGlobal
